
Microsoft Visual Studio Solution File, Format Version 12.00
# Visual Studio Version 16
VisualStudioVersion = 16.0.30320.27
MinimumVisualStudioVersion = 10.0.40219.1
Project("{2150E333-8FDC-42A3-9474-1A3956D46DE8}") = "3.CrossCuting", "3.CrossCuting", "{0C83453C-0EE8-4A45-A884-7E0ED5E36F8E}"
EndProject
Project("{FAE04EC0-301F-11D3-BF4B-00C04F79EFBC}") = "Sanciones.Utilidades", "Sanciones.Utilities\Sanciones.Utilidades.csproj", "{409A24DE-AE5F-45F3-82A0-4E0F19E0B640}"
EndProject
Project("{2150E333-8FDC-42A3-9474-1A3956D46DE8}") = "2. Infrastructure", "2. Infrastructure", "{4AAB9B71-842E-48B9-9BE1-CC6F21674930}"
EndProject
Project("{FAE04EC0-301F-11D3-BF4B-00C04F79EFBC}") = "Sanciones.AccesoDatos", "Sanciones.Data\Sanciones.AccesoDatos.csproj", "{27C70EAC-FA29-4A0B-B58F-BD517FFF58CC}"
EndProject
Project("{FAE04EC0-301F-11D3-BF4B-00C04F79EFBC}") = "Sanciones.LogicaNegocio", "Sanciones.Logica\Sanciones.LogicaNegocio.csproj", "{FB3F9A50-AD21-4C6B-B0A8-0C226ED4B2F0}"
EndProject
Project("{FAE04EC0-301F-11D3-BF4B-00C04F79EFBC}") = "Sanciones.Entidades", "Sanciones.Entidades\Sanciones.Entidades.csproj", "{181F0C1F-62BF-4ECA-B702-0907CCC36477}"
EndProject
Project("{2150E333-8FDC-42A3-9474-1A3956D46DE8}") = "1.Aplicacion", "1.Aplicacion", "{59F3BC07-3D8B-47E6-8EA6-DC01FF4D1F39}"
EndProject
Project("{FAE04EC0-301F-11D3-BF4B-00C04F79EFBC}") = "AppRegSanciones", "AppRegSanciones\AppRegSanciones.csproj", "{524CB55F-36F7-4E88-B616-E9F790A60E98}"
EndProject
Global
	GlobalSection(SolutionConfigurationPlatforms) = preSolution
		Debug|Any CPU = Debug|Any CPU
		Release|Any CPU = Release|Any CPU
	EndGlobalSection
	GlobalSection(ProjectConfigurationPlatforms) = postSolution
		{409A24DE-AE5F-45F3-82A0-4E0F19E0B640}.Debug|Any CPU.ActiveCfg = Debug|Any CPU
		{409A24DE-AE5F-45F3-82A0-4E0F19E0B640}.Debug|Any CPU.Build.0 = Debug|Any CPU
		{409A24DE-AE5F-45F3-82A0-4E0F19E0B640}.Release|Any CPU.ActiveCfg = Release|Any CPU
		{409A24DE-AE5F-45F3-82A0-4E0F19E0B640}.Release|Any CPU.Build.0 = Release|Any CPU
		{27C70EAC-FA29-4A0B-B58F-BD517FFF58CC}.Debug|Any CPU.ActiveCfg = Debug|Any CPU
		{27C70EAC-FA29-4A0B-B58F-BD517FFF58CC}.Debug|Any CPU.Build.0 = Debug|Any CPU
		{27C70EAC-FA29-4A0B-B58F-BD517FFF58CC}.Release|Any CPU.ActiveCfg = Release|Any CPU
		{27C70EAC-FA29-4A0B-B58F-BD517FFF58CC}.Release|Any CPU.Build.0 = Release|Any CPU
		{FB3F9A50-AD21-4C6B-B0A8-0C226ED4B2F0}.Debug|Any CPU.ActiveCfg = Debug|Any CPU
		{FB3F9A50-AD21-4C6B-B0A8-0C226ED4B2F0}.Debug|Any CPU.Build.0 = Debug|Any CPU
		{FB3F9A50-AD21-4C6B-B0A8-0C226ED4B2F0}.Release|Any CPU.ActiveCfg = Release|Any CPU
		{FB3F9A50-AD21-4C6B-B0A8-0C226ED4B2F0}.Release|Any CPU.Build.0 = Release|Any CPU
		{181F0C1F-62BF-4ECA-B702-0907CCC36477}.Debug|Any CPU.ActiveCfg = Debug|Any CPU
		{181F0C1F-62BF-4ECA-B702-0907CCC36477}.Debug|Any CPU.Build.0 = Debug|Any CPU
		{181F0C1F-62BF-4ECA-B702-0907CCC36477}.Release|Any CPU.ActiveCfg = Release|Any CPU
		{181F0C1F-62BF-4ECA-B702-0907CCC36477}.Release|Any CPU.Build.0 = Release|Any CPU
		{524CB55F-36F7-4E88-B616-E9F790A60E98}.Debug|Any CPU.ActiveCfg = Debug|Any CPU
		{524CB55F-36F7-4E88-B616-E9F790A60E98}.Debug|Any CPU.Build.0 = Debug|Any CPU
		{524CB55F-36F7-4E88-B616-E9F790A60E98}.Release|Any CPU.ActiveCfg = Release|Any CPU
		{524CB55F-36F7-4E88-B616-E9F790A60E98}.Release|Any CPU.Build.0 = Release|Any CPU
	EndGlobalSection
	GlobalSection(SolutionProperties) = preSolution
		HideSolutionNode = FALSE
	EndGlobalSection
	GlobalSection(NestedProjects) = preSolution
		{409A24DE-AE5F-45F3-82A0-4E0F19E0B640} = {0C83453C-0EE8-4A45-A884-7E0ED5E36F8E}
		{27C70EAC-FA29-4A0B-B58F-BD517FFF58CC} = {4AAB9B71-842E-48B9-9BE1-CC6F21674930}
		{FB3F9A50-AD21-4C6B-B0A8-0C226ED4B2F0} = {4AAB9B71-842E-48B9-9BE1-CC6F21674930}
		{181F0C1F-62BF-4ECA-B702-0907CCC36477} = {4AAB9B71-842E-48B9-9BE1-CC6F21674930}
		{524CB55F-36F7-4E88-B616-E9F790A60E98} = {59F3BC07-3D8B-47E6-8EA6-DC01FF4D1F39}
	EndGlobalSection
	GlobalSection(ExtensibilityGlobals) = postSolution
		SolutionGuid = {BCCE402A-BDAB-4907-B502-70F3C1B14EC0}
	EndGlobalSection
EndGlobal
